
Microsoft Visual Studio Solution File, Format Version 12.00
# Visual Studio Version 16
VisualStudioVersion = 16.0.31112.23
MinimumVisualStudioVersion = 10.0.40219.1
Project("{FAE04EC0-301F-11D3-BF4B-00C04F79EFBC}") = "NovemberPlayer", "NovemberPlayer.csproj", "{0DA283C4-B3F2-4816-BECA-0139FB89355E}"
EndProject
Global
	GlobalSection(SolutionConfigurationPlatforms) = preSolution
		Debug|Any CPU = Debug|Any CPU
		Release|Any CPU = Release|Any CPU
	EndGlobalSection
	GlobalSection(ProjectConfigurationPlatforms) = postSolution
		{0DA283C4-B3F2-4816-BECA-0139FB89355E}.Debug|Any CPU.ActiveCfg = Debug|Any CPU
		{0DA283C4-B3F2-4816-BECA-0139FB89355E}.Debug|Any CPU.Build.0 = Debug|Any CPU
		{0DA283C4-B3F2-4816-BECA-0139FB89355E}.Release|Any CPU.ActiveCfg = Release|Any CPU
		{0DA283C4-B3F2-4816-BECA-0139FB89355E}.Release|Any CPU.Build.0 = Release|Any CPU
	EndGlobalSection
	GlobalSection(SolutionProperties) = preSolution
		HideSolutionNode = FALSE
	EndGlobalSection
	GlobalSection(ExtensibilityGlobals) = postSolution
		SolutionGuid = {F4C76F42-A1CC-45D5-9032-9DD57DEBEB29}
	EndGlobalSection
EndGlobal
